
Microsoft Visual Studio Solution File, Format Version 12.00
# Visual Studio Version 17
VisualStudioVersion = 17.5.002.0
MinimumVisualStudioVersion = 10.0.40219.1
Project("{9A19103F-16F7-4668-BE54-9A1E7A4F7556}") = "testeTecnico", "testeTecnico.csproj", "{AF273E15-DC4E-45AD-9AF6-C78D2E309A12}"
EndProject
Global
	GlobalSection(SolutionConfigurationPlatforms) = preSolution
		Debug|Any CPU = Debug|Any CPU
		Release|Any CPU = Release|Any CPU
	EndGlobalSection
	GlobalSection(ProjectConfigurationPlatforms) = postSolution
		{AF273E15-DC4E-45AD-9AF6-C78D2E309A12}.Debug|Any CPU.ActiveCfg = Debug|Any CPU
		{AF273E15-DC4E-45AD-9AF6-C78D2E309A12}.Debug|Any CPU.Build.0 = Debug|Any CPU
		{AF273E15-DC4E-45AD-9AF6-C78D2E309A12}.Release|Any CPU.ActiveCfg = Release|Any CPU
		{AF273E15-DC4E-45AD-9AF6-C78D2E309A12}.Release|Any CPU.Build.0 = Release|Any CPU
	EndGlobalSection
	GlobalSection(SolutionProperties) = preSolution
		HideSolutionNode = FALSE
	EndGlobalSection
	GlobalSection(ExtensibilityGlobals) = postSolution
		SolutionGuid = {BEC3AA37-C08D-4487-9FF9-D01B5F02C9E1}
	EndGlobalSection
EndGlobal
